
Microsoft Visual Studio Solution File, Format Version 12.00
# Visual Studio Version 17
VisualStudioVersion = 17.5.002.0
MinimumVisualStudioVersion = 10.0.40219.1
Project("{9A19103F-16F7-4668-BE54-9A1E7A4F7556}") = "BoterKaasEireren", "BoterKaasEireren\BoterKaasEireren.csproj", "{35DCE9D8-EB2C-4508-9B8C-B41129E488B1}"
EndProject
Project("{9A19103F-16F7-4668-BE54-9A1E7A4F7556}") = "PROJECTEndlessLoop", "PROJECT - EndlessLoop\PROJECTEndlessLoop.csproj", "{F0A7A4BF-E5BF-4A91-BB56-C266D5C84886}"
EndProject
Global
	GlobalSection(SolutionConfigurationPlatforms) = preSolution
		Debug|Any CPU = Debug|Any CPU
		Release|Any CPU = Release|Any CPU
	EndGlobalSection
	GlobalSection(ProjectConfigurationPlatforms) = postSolution
		{35DCE9D8-EB2C-4508-9B8C-B41129E488B1}.Debug|Any CPU.ActiveCfg = Debug|Any CPU
		{35DCE9D8-EB2C-4508-9B8C-B41129E488B1}.Debug|Any CPU.Build.0 = Debug|Any CPU
		{35DCE9D8-EB2C-4508-9B8C-B41129E488B1}.Release|Any CPU.ActiveCfg = Release|Any CPU
		{35DCE9D8-EB2C-4508-9B8C-B41129E488B1}.Release|Any CPU.Build.0 = Release|Any CPU
		{F0A7A4BF-E5BF-4A91-BB56-C266D5C84886}.Debug|Any CPU.ActiveCfg = Debug|Any CPU
		{F0A7A4BF-E5BF-4A91-BB56-C266D5C84886}.Debug|Any CPU.Build.0 = Debug|Any CPU
		{F0A7A4BF-E5BF-4A91-BB56-C266D5C84886}.Release|Any CPU.ActiveCfg = Release|Any CPU
		{F0A7A4BF-E5BF-4A91-BB56-C266D5C84886}.Release|Any CPU.Build.0 = Release|Any CPU
	EndGlobalSection
	GlobalSection(SolutionProperties) = preSolution
		HideSolutionNode = FALSE
	EndGlobalSection
	GlobalSection(ExtensibilityGlobals) = postSolution
		SolutionGuid = {CB3F78B9-30E5-42C8-B841-9DA1E6F5E7F6}
	EndGlobalSection
EndGlobal
