Microsoft Visual Studio Solution File, Format Version 12.00
# Visual Studio Version 17
VisualStudioVersion = 17.5.002.0
MinimumVisualStudioVersion = 10.0.40219.1
Project("{9A19103F-16F7-4668-BE54-9A1E7A4F7556}") = "CropBotics", "Robotics.CropBotics\CropBotics.csproj", "{93360398-DCB7-421F-B9A7-163D4C5B8577}"
EndProject
Project("{9A19103F-16F7-4668-BE54-9A1E7A4F7556}") = "FarmView", "Robotics.FarmView\FarmView.csproj", "{1508354A-6DBC-4816-B261-20DB8815ECC5}"
EndProject
Global
    GlobalSection(SolutionConfigurationPlatforms) = preSolution
        Debug|Any CPU = Debug|Any CPU
        Release|Any CPU = Release|Any CPU
    EndGlobalSection
    GlobalSection(ProjectConfigurationPlatforms) = postSolution
        {93360398-DCB7-421F-B9A7-163D4C5B8577}.Debug|Any CPU.ActiveCfg = Debug|Any CPU
        {93360398-DCB7-421F-B9A7-163D4C5B8577}.Debug|Any CPU.Build.0 = Debug|Any CPU
        {93360398-DCB7-421F-B9A7-163D4C5B8577}.Release|Any CPU.ActiveCfg = Release|Any CPU
        {93360398-DCB7-421F-B9A7-163D4C5B8577}.Release|Any CPU.Build.0 = Release|Any CPU
        {1508354A-6DBC-4816-B261-20DB8815ECC5}.Debug|Any CPU.ActiveCfg = Debug|Any CPU
        {1508354A-6DBC-4816-B261-20DB8815ECC5}.Debug|Any CPU.Build.0 = Debug|Any CPU
        {1508354A-6DBC-4816-B261-20DB8815ECC5}.Release|Any CPU.ActiveCfg = Release|Any CPU
        {1508354A-6DBC-4816-B261-20DB8815ECC5}.Release|Any CPU.Build.0 = Release|Any CPU
    EndGlobalSection
    GlobalSection(SolutionProperties) = preSolution
        HideSolutionNode = FALSE
    EndGlobalSection
    GlobalSection(ExtensibilityGlobals) = postSolution
        SolutionGuid = {A3B327A4-EAE0-400B-96B6-A791EA2DF0A0}
    EndGlobalSection
EndGlobal
